// !$*UTF8*$!
{
	archiveVersion = 1;
	classes = {
	};
	objectVersion = 56;
	objects = {

/* Begin PBXBuildFile section */
		255367502B319DF400C2B2FD /* PeopleDetailsModel.swift in Sources */ = {isa = PBXBuildFile; fileRef = 2553674F2B319DF400C2B2FD /* PeopleDetailsModel.swift */; };
		255367522B31A41100C2B2FD /* PeopleDetailsManager.swift in Sources */ = {isa = PBXBuildFile; fileRef = 255367512B31A41100C2B2FD /* PeopleDetailsManager.swift */; };
		255367542B31A42600C2B2FD /* PeopleDetailsViewModel.swift in Sources */ = {isa = PBXBuildFile; fileRef = 255367532B31A42600C2B2FD /* PeopleDetailsViewModel.swift */; };
		255367562B31B6A700C2B2FD /* SeeAllMoviesController.swift in Sources */ = {isa = PBXBuildFile; fileRef = 255367552B31B6A700C2B2FD /* SeeAllMoviesController.swift */; };
		255367592B3448F500C2B2FD /* MovieCastDetailsModel.swift in Sources */ = {isa = PBXBuildFile; fileRef = 255367582B3448F500C2B2FD /* MovieCastDetailsModel.swift */; };
		2553675C2B34494800C2B2FD /* MovieCastCell.swift in Sources */ = {isa = PBXBuildFile; fileRef = 2553675A2B34494800C2B2FD /* MovieCastCell.swift */; };
		2553675D2B34494800C2B2FD /* MovieCastCell.xib in Resources */ = {isa = PBXBuildFile; fileRef = 2553675B2B34494800C2B2FD /* MovieCastCell.xib */; };
		255367602B3485A500C2B2FD /* SeeAllMoviesManager.swift in Sources */ = {isa = PBXBuildFile; fileRef = 2553675F2B3485A500C2B2FD /* SeeAllMoviesManager.swift */; };
		255367622B3485B600C2B2FD /* SeeAllMoviesViewModel.swift in Sources */ = {isa = PBXBuildFile; fileRef = 255367612B3485B600C2B2FD /* SeeAllMoviesViewModel.swift */; };
		255792012B1F2FAF001B124A /* MovieModel.swift in Sources */ = {isa = PBXBuildFile; fileRef = 255792002B1F2FAF001B124A /* MovieModel.swift */; };
		255792052B1F336D001B124A /* MovieDetailEndpoint.swift in Sources */ = {isa = PBXBuildFile; fileRef = 255792042B1F336D001B124A /* MovieDetailEndpoint.swift */; };
		2557920D2B22013D001B124A /* HomeCell.swift in Sources */ = {isa = PBXBuildFile; fileRef = 2557920B2B22013D001B124A /* HomeCell.swift */; };
		2557920E2B22013D001B124A /* HomeCell.xib in Resources */ = {isa = PBXBuildFile; fileRef = 2557920C2B22013D001B124A /* HomeCell.xib */; };
		255792132B2207E2001B124A /* TopImageBottomLabelCell.swift in Sources */ = {isa = PBXBuildFile; fileRef = 255792112B2207E2001B124A /* TopImageBottomLabelCell.swift */; };
		255792142B2207E2001B124A /* TopImageBottomLabelCell.xib in Resources */ = {isa = PBXBuildFile; fileRef = 255792122B2207E2001B124A /* TopImageBottomLabelCell.xib */; };
		255792192B221145001B124A /* Kingfisher in Frameworks */ = {isa = PBXBuildFile; productRef = 255792182B221145001B124A /* Kingfisher */; };
		2557921B2B2341AD001B124A /* Extension.swift in Sources */ = {isa = PBXBuildFile; fileRef = 2557921A2B2341AD001B124A /* Extension.swift */; };
		2557921E2B23433E001B124A /* NetworkHelper.swift in Sources */ = {isa = PBXBuildFile; fileRef = 2557921D2B23433E001B124A /* NetworkHelper.swift */; };
		255792202B2369E0001B124A /* PeopleController.swift in Sources */ = {isa = PBXBuildFile; fileRef = 2557921F2B2369E0001B124A /* PeopleController.swift */; };
		255792222B2369F0001B124A /* PeopleViewModel.swift in Sources */ = {isa = PBXBuildFile; fileRef = 255792212B2369F0001B124A /* PeopleViewModel.swift */; };
		255792252B237279001B124A /* PeopleModel.swift in Sources */ = {isa = PBXBuildFile; fileRef = 255792242B237279001B124A /* PeopleModel.swift */; };
		2568CBD82B271D0500191664 /* SearchViewModel.swift in Sources */ = {isa = PBXBuildFile; fileRef = 2568CBD72B271D0500191664 /* SearchViewModel.swift */; };
		2568CBDA2B271DCB00191664 /* SearchController.swift in Sources */ = {isa = PBXBuildFile; fileRef = 2568CBD92B271DCB00191664 /* SearchController.swift */; };
		2568CBDD2B2733E500191664 /* MovieCell.swift in Sources */ = {isa = PBXBuildFile; fileRef = 2568CBDB2B2733E500191664 /* MovieCell.swift */; };
		2568CBDE2B2733E500191664 /* MovieCell.xib in Resources */ = {isa = PBXBuildFile; fileRef = 2568CBDC2B2733E500191664 /* MovieCell.xib */; };
		2568CBE22B28A84900191664 /* MovieDetailsController.swift in Sources */ = {isa = PBXBuildFile; fileRef = 2568CBE12B28A84900191664 /* MovieDetailsController.swift */; };
		2568CBEA2B2B800000191664 /* MovieDetailsCell.swift in Sources */ = {isa = PBXBuildFile; fileRef = 2568CBE82B2B800000191664 /* MovieDetailsCell.swift */; };
		2568CBEB2B2B800000191664 /* MovieDetailsCell.xib in Resources */ = {isa = PBXBuildFile; fileRef = 2568CBE92B2B800000191664 /* MovieDetailsCell.xib */; };
		2568CBEF2B2B804000191664 /* MovieNameCell.swift in Sources */ = {isa = PBXBuildFile; fileRef = 2568CBED2B2B804000191664 /* MovieNameCell.swift */; };
		2568CBF02B2B804000191664 /* MovieNameCell.xib in Resources */ = {isa = PBXBuildFile; fileRef = 2568CBEE2B2B804000191664 /* MovieNameCell.xib */; };
		2568CBF42B2B807F00191664 /* MovieTrailerCell.swift in Sources */ = {isa = PBXBuildFile; fileRef = 2568CBF22B2B807F00191664 /* MovieTrailerCell.swift */; };
		2568CBF52B2B807F00191664 /* MovieTrailerCell.xib in Resources */ = {isa = PBXBuildFile; fileRef = 2568CBF32B2B807F00191664 /* MovieTrailerCell.xib */; };
		2568CBF92B2B80B000191664 /* MovieDescriptionCell.swift in Sources */ = {isa = PBXBuildFile; fileRef = 2568CBF72B2B80B000191664 /* MovieDescriptionCell.swift */; };
		2568CBFA2B2B80B000191664 /* MovieDescriptionCell.xib in Resources */ = {isa = PBXBuildFile; fileRef = 2568CBF82B2B80B000191664 /* MovieDescriptionCell.xib */; };
		2568CC002B2C6E4900191664 /* HomeManager.swift in Sources */ = {isa = PBXBuildFile; fileRef = 2568CBFF2B2C6E4900191664 /* HomeManager.swift */; };
		2568CC022B2C736600191664 /* PeopleManager.swift in Sources */ = {isa = PBXBuildFile; fileRef = 2568CC012B2C736600191664 /* PeopleManager.swift */; };
		2568CC042B2C77A600191664 /* MovieDetailsModel.swift in Sources */ = {isa = PBXBuildFile; fileRef = 2568CC032B2C77A600191664 /* MovieDetailsModel.swift */; };
		2568CC062B2C780400191664 /* PeopleListUseCase.swift in Sources */ = {isa = PBXBuildFile; fileRef = 2568CC052B2C780400191664 /* PeopleListUseCase.swift */; };
		2568CC092B2C78A600191664 /* MovieListUseCase.swift in Sources */ = {isa = PBXBuildFile; fileRef = 2568CC082B2C78A600191664 /* MovieListUseCase.swift */; };
		2568CC0B2B2C799200191664 /* SearchManager.swift in Sources */ = {isa = PBXBuildFile; fileRef = 2568CC0A2B2C799200191664 /* SearchManager.swift */; };
		2568CC0D2B2C7B9700191664 /* MovieDetailsManager.swift in Sources */ = {isa = PBXBuildFile; fileRef = 2568CC0C2B2C7B9700191664 /* MovieDetailsManager.swift */; };
		2568CC0F2B2C7BA200191664 /* MovieDetailsUseCase.swift in Sources */ = {isa = PBXBuildFile; fileRef = 2568CC0E2B2C7BA200191664 /* MovieDetailsUseCase.swift */; };
		2568CC112B2C7DAE00191664 /* MovieDetailsViewModel.swift in Sources */ = {isa = PBXBuildFile; fileRef = 2568CC102B2C7DAE00191664 /* MovieDetailsViewModel.swift */; };
		2568CC132B2CAD5100191664 /* MovieEndpoint.swift in Sources */ = {isa = PBXBuildFile; fileRef = 2568CC122B2CAD5100191664 /* MovieEndpoint.swift */; };
		2568CC152B2CADC200191664 /* PeopleEndpoint.swift in Sources */ = {isa = PBXBuildFile; fileRef = 2568CC142B2CADC200191664 /* PeopleEndpoint.swift */; };
		2568CC172B2CAE2700191664 /* SearchEndpoint.swift in Sources */ = {isa = PBXBuildFile; fileRef = 2568CC162B2CAE2700191664 /* SearchEndpoint.swift */; };
		2568CC192B2DE24A00191664 /* PeopleDetailsController.swift in Sources */ = {isa = PBXBuildFile; fileRef = 2568CC182B2DE24A00191664 /* PeopleDetailsController.swift */; };
		2568CC1C2B3059C900191664 /* PeopleDetailsEndpoint.swift in Sources */ = {isa = PBXBuildFile; fileRef = 2568CC1B2B3059C900191664 /* PeopleDetailsEndpoint.swift */; };
		25ABB5E62B1E18ED0019751C /* AppDelegate.swift in Sources */ = {isa = PBXBuildFile; fileRef = 25ABB5E52B1E18ED0019751C /* AppDelegate.swift */; };
		25ABB5E82B1E18ED0019751C /* SceneDelegate.swift in Sources */ = {isa = PBXBuildFile; fileRef = 25ABB5E72B1E18ED0019751C /* SceneDelegate.swift */; };
		25ABB5ED2B1E18ED0019751C /* Main.storyboard in Resources */ = {isa = PBXBuildFile; fileRef = 25ABB5EB2B1E18ED0019751C /* Main.storyboard */; };
		25ABB5EF2B1E18F00019751C /* Assets.xcassets in Resources */ = {isa = PBXBuildFile; fileRef = 25ABB5EE2B1E18F00019751C /* Assets.xcassets */; };
		25ABB5F22B1E18F00019751C /* LaunchScreen.storyboard in Resources */ = {isa = PBXBuildFile; fileRef = 25ABB5F02B1E18F00019751C /* LaunchScreen.storyboard */; };
		25ABB5FA2B1E19530019751C /* NetworkManager.swift in Sources */ = {isa = PBXBuildFile; fileRef = 25ABB5F92B1E19530019751C /* NetworkManager.swift */; };
		25ABB5FD2B1E1A7F0019751C /* Alamofire in Frameworks */ = {isa = PBXBuildFile; productRef = 25ABB5FC2B1E1A7F0019751C /* Alamofire */; };
		25ABB6002B1E504C0019751C /* HomeViewModel.swift in Sources */ = {isa = PBXBuildFile; fileRef = 25ABB5FF2B1E504C0019751C /* HomeViewModel.swift */; };
		25ABB6022B1E505C0019751C /* HomeController.swift in Sources */ = {isa = PBXBuildFile; fileRef = 25ABB6012B1E505C0019751C /* HomeController.swift */; };
		902940C32B307FC900F1967C /* GenreCell.swift in Sources */ = {isa = PBXBuildFile; fileRef = 902940C12B307FC900F1967C /* GenreCell.swift */; };
		902940C42B307FC900F1967C /* GenreCell.xib in Resources */ = {isa = PBXBuildFile; fileRef = 902940C22B307FC900F1967C /* GenreCell.xib */; };
/* End PBXBuildFile section */

/* Begin PBXFileReference section */
		2553674F2B319DF400C2B2FD /* PeopleDetailsModel.swift */ = {isa = PBXFileReference; lastKnownFileType = sourcecode.swift; path = PeopleDetailsModel.swift; sourceTree = "<group>"; };
		255367512B31A41100C2B2FD /* PeopleDetailsManager.swift */ = {isa = PBXFileReference; lastKnownFileType = sourcecode.swift; path = PeopleDetailsManager.swift; sourceTree = "<group>"; };
		255367532B31A42600C2B2FD /* PeopleDetailsViewModel.swift */ = {isa = PBXFileReference; lastKnownFileType = sourcecode.swift; path = PeopleDetailsViewModel.swift; sourceTree = "<group>"; };
		255367552B31B6A700C2B2FD /* SeeAllMoviesController.swift */ = {isa = PBXFileReference; lastKnownFileType = sourcecode.swift; path = SeeAllMoviesController.swift; sourceTree = "<group>"; };
		255367582B3448F500C2B2FD /* MovieCastDetailsModel.swift */ = {isa = PBXFileReference; lastKnownFileType = sourcecode.swift; path = MovieCastDetailsModel.swift; sourceTree = "<group>"; };
		2553675A2B34494800C2B2FD /* MovieCastCell.swift */ = {isa = PBXFileReference; lastKnownFileType = sourcecode.swift; path = MovieCastCell.swift; sourceTree = "<group>"; };
		2553675B2B34494800C2B2FD /* MovieCastCell.xib */ = {isa = PBXFileReference; lastKnownFileType = file.xib; path = MovieCastCell.xib; sourceTree = "<group>"; };
		2553675F2B3485A500C2B2FD /* SeeAllMoviesManager.swift */ = {isa = PBXFileReference; lastKnownFileType = sourcecode.swift; path = SeeAllMoviesManager.swift; sourceTree = "<group>"; };
		255367612B3485B600C2B2FD /* SeeAllMoviesViewModel.swift */ = {isa = PBXFileReference; lastKnownFileType = sourcecode.swift; path = SeeAllMoviesViewModel.swift; sourceTree = "<group>"; };
		255792002B1F2FAF001B124A /* MovieModel.swift */ = {isa = PBXFileReference; lastKnownFileType = sourcecode.swift; path = MovieModel.swift; sourceTree = "<group>"; };
		255792042B1F336D001B124A /* MovieDetailEndpoint.swift */ = {isa = PBXFileReference; lastKnownFileType = sourcecode.swift; path = MovieDetailEndpoint.swift; sourceTree = "<group>"; };
		2557920B2B22013D001B124A /* HomeCell.swift */ = {isa = PBXFileReference; lastKnownFileType = sourcecode.swift; path = HomeCell.swift; sourceTree = "<group>"; };
		2557920C2B22013D001B124A /* HomeCell.xib */ = {isa = PBXFileReference; lastKnownFileType = file.xib; path = HomeCell.xib; sourceTree = "<group>"; };
		255792112B2207E2001B124A /* TopImageBottomLabelCell.swift */ = {isa = PBXFileReference; lastKnownFileType = sourcecode.swift; path = TopImageBottomLabelCell.swift; sourceTree = "<group>"; };
		255792122B2207E2001B124A /* TopImageBottomLabelCell.xib */ = {isa = PBXFileReference; lastKnownFileType = file.xib; path = TopImageBottomLabelCell.xib; sourceTree = "<group>"; };
		2557921A2B2341AD001B124A /* Extension.swift */ = {isa = PBXFileReference; lastKnownFileType = sourcecode.swift; path = Extension.swift; sourceTree = "<group>"; };
		2557921D2B23433E001B124A /* NetworkHelper.swift */ = {isa = PBXFileReference; lastKnownFileType = sourcecode.swift; path = NetworkHelper.swift; sourceTree = "<group>"; };
		2557921F2B2369E0001B124A /* PeopleController.swift */ = {isa = PBXFileReference; lastKnownFileType = sourcecode.swift; path = PeopleController.swift; sourceTree = "<group>"; };
		255792212B2369F0001B124A /* PeopleViewModel.swift */ = {isa = PBXFileReference; lastKnownFileType = sourcecode.swift; path = PeopleViewModel.swift; sourceTree = "<group>"; };
		255792242B237279001B124A /* PeopleModel.swift */ = {isa = PBXFileReference; lastKnownFileType = sourcecode.swift; path = PeopleModel.swift; sourceTree = "<group>"; };
		2568CBD72B271D0500191664 /* SearchViewModel.swift */ = {isa = PBXFileReference; lastKnownFileType = sourcecode.swift; path = SearchViewModel.swift; sourceTree = "<group>"; };
		2568CBD92B271DCB00191664 /* SearchController.swift */ = {isa = PBXFileReference; lastKnownFileType = sourcecode.swift; path = SearchController.swift; sourceTree = "<group>"; };
		2568CBDB2B2733E500191664 /* MovieCell.swift */ = {isa = PBXFileReference; lastKnownFileType = sourcecode.swift; path = MovieCell.swift; sourceTree = "<group>"; };
		2568CBDC2B2733E500191664 /* MovieCell.xib */ = {isa = PBXFileReference; lastKnownFileType = file.xib; path = MovieCell.xib; sourceTree = "<group>"; };
		2568CBE12B28A84900191664 /* MovieDetailsController.swift */ = {isa = PBXFileReference; lastKnownFileType = sourcecode.swift; path = MovieDetailsController.swift; sourceTree = "<group>"; };
		2568CBE82B2B800000191664 /* MovieDetailsCell.swift */ = {isa = PBXFileReference; lastKnownFileType = sourcecode.swift; path = MovieDetailsCell.swift; sourceTree = "<group>"; };
		2568CBE92B2B800000191664 /* MovieDetailsCell.xib */ = {isa = PBXFileReference; lastKnownFileType = file.xib; path = MovieDetailsCell.xib; sourceTree = "<group>"; };
		2568CBED2B2B804000191664 /* MovieNameCell.swift */ = {isa = PBXFileReference; lastKnownFileType = sourcecode.swift; path = MovieNameCell.swift; sourceTree = "<group>"; };
		2568CBEE2B2B804000191664 /* MovieNameCell.xib */ = {isa = PBXFileReference; lastKnownFileType = file.xib; path = MovieNameCell.xib; sourceTree = "<group>"; };
		2568CBF22B2B807F00191664 /* MovieTrailerCell.swift */ = {isa = PBXFileReference; lastKnownFileType = sourcecode.swift; path = MovieTrailerCell.swift; sourceTree = "<group>"; };
		2568CBF32B2B807F00191664 /* MovieTrailerCell.xib */ = {isa = PBXFileReference; lastKnownFileType = file.xib; path = MovieTrailerCell.xib; sourceTree = "<group>"; };
		2568CBF72B2B80B000191664 /* MovieDescriptionCell.swift */ = {isa = PBXFileReference; lastKnownFileType = sourcecode.swift; path = MovieDescriptionCell.swift; sourceTree = "<group>"; };
		2568CBF82B2B80B000191664 /* MovieDescriptionCell.xib */ = {isa = PBXFileReference; lastKnownFileType = file.xib; path = MovieDescriptionCell.xib; sourceTree = "<group>"; };
		2568CBFF2B2C6E4900191664 /* HomeManager.swift */ = {isa = PBXFileReference; lastKnownFileType = sourcecode.swift; path = HomeManager.swift; sourceTree = "<group>"; };
		2568CC012B2C736600191664 /* PeopleManager.swift */ = {isa = PBXFileReference; lastKnownFileType = sourcecode.swift; path = PeopleManager.swift; sourceTree = "<group>"; };
		2568CC032B2C77A600191664 /* MovieDetailsModel.swift */ = {isa = PBXFileReference; lastKnownFileType = sourcecode.swift; path = MovieDetailsModel.swift; sourceTree = "<group>"; };
		2568CC052B2C780400191664 /* PeopleListUseCase.swift */ = {isa = PBXFileReference; lastKnownFileType = sourcecode.swift; path = PeopleListUseCase.swift; sourceTree = "<group>"; };
		2568CC082B2C78A600191664 /* MovieListUseCase.swift */ = {isa = PBXFileReference; lastKnownFileType = sourcecode.swift; path = MovieListUseCase.swift; sourceTree = "<group>"; };
		2568CC0A2B2C799200191664 /* SearchManager.swift */ = {isa = PBXFileReference; lastKnownFileType = sourcecode.swift; path = SearchManager.swift; sourceTree = "<group>"; };
		2568CC0C2B2C7B9700191664 /* MovieDetailsManager.swift */ = {isa = PBXFileReference; lastKnownFileType = sourcecode.swift; path = MovieDetailsManager.swift; sourceTree = "<group>"; };
		2568CC0E2B2C7BA200191664 /* MovieDetailsUseCase.swift */ = {isa = PBXFileReference; lastKnownFileType = sourcecode.swift; path = MovieDetailsUseCase.swift; sourceTree = "<group>"; };
		2568CC102B2C7DAE00191664 /* MovieDetailsViewModel.swift */ = {isa = PBXFileReference; lastKnownFileType = sourcecode.swift; path = MovieDetailsViewModel.swift; sourceTree = "<group>"; };
		2568CC122B2CAD5100191664 /* MovieEndpoint.swift */ = {isa = PBXFileReference; lastKnownFileType = sourcecode.swift; path = MovieEndpoint.swift; sourceTree = "<group>"; };
		2568CC142B2CADC200191664 /* PeopleEndpoint.swift */ = {isa = PBXFileReference; lastKnownFileType = sourcecode.swift; path = PeopleEndpoint.swift; sourceTree = "<group>"; };
		2568CC162B2CAE2700191664 /* SearchEndpoint.swift */ = {isa = PBXFileReference; lastKnownFileType = sourcecode.swift; path = SearchEndpoint.swift; sourceTree = "<group>"; };
		2568CC182B2DE24A00191664 /* PeopleDetailsController.swift */ = {isa = PBXFileReference; lastKnownFileType = sourcecode.swift; path = PeopleDetailsController.swift; sourceTree = "<group>"; };
		2568CC1B2B3059C900191664 /* PeopleDetailsEndpoint.swift */ = {isa = PBXFileReference; lastKnownFileType = sourcecode.swift; path = PeopleDetailsEndpoint.swift; sourceTree = "<group>"; };
		25ABB5E22B1E18ED0019751C /* MovieApp.app */ = {isa = PBXFileReference; explicitFileType = wrapper.application; includeInIndex = 0; path = MovieApp.app; sourceTree = BUILT_PRODUCTS_DIR; };
		25ABB5E52B1E18ED0019751C /* AppDelegate.swift */ = {isa = PBXFileReference; lastKnownFileType = sourcecode.swift; path = AppDelegate.swift; sourceTree = "<group>"; };
		25ABB5E72B1E18ED0019751C /* SceneDelegate.swift */ = {isa = PBXFileReference; lastKnownFileType = sourcecode.swift; path = SceneDelegate.swift; sourceTree = "<group>"; };
		25ABB5EC2B1E18ED0019751C /* Base */ = {isa = PBXFileReference; lastKnownFileType = file.storyboard; name = Base; path = Base.lproj/Main.storyboard; sourceTree = "<group>"; };
		25ABB5EE2B1E18F00019751C /* Assets.xcassets */ = {isa = PBXFileReference; lastKnownFileType = folder.assetcatalog; path = Assets.xcassets; sourceTree = "<group>"; };
		25ABB5F12B1E18F00019751C /* Base */ = {isa = PBXFileReference; lastKnownFileType = file.storyboard; name = Base; path = Base.lproj/LaunchScreen.storyboard; sourceTree = "<group>"; };
		25ABB5F32B1E18F00019751C /* Info.plist */ = {isa = PBXFileReference; lastKnownFileType = text.plist.xml; path = Info.plist; sourceTree = "<group>"; };
		25ABB5F92B1E19530019751C /* NetworkManager.swift */ = {isa = PBXFileReference; lastKnownFileType = sourcecode.swift; path = NetworkManager.swift; sourceTree = "<group>"; };
		25ABB5FF2B1E504C0019751C /* HomeViewModel.swift */ = {isa = PBXFileReference; lastKnownFileType = sourcecode.swift; path = HomeViewModel.swift; sourceTree = "<group>"; };
		25ABB6012B1E505C0019751C /* HomeController.swift */ = {isa = PBXFileReference; lastKnownFileType = sourcecode.swift; path = HomeController.swift; sourceTree = "<group>"; };
		902940C12B307FC900F1967C /* GenreCell.swift */ = {isa = PBXFileReference; lastKnownFileType = sourcecode.swift; path = GenreCell.swift; sourceTree = "<group>"; };
		902940C22B307FC900F1967C /* GenreCell.xib */ = {isa = PBXFileReference; lastKnownFileType = file.xib; path = GenreCell.xib; sourceTree = "<group>"; };
/* End PBXFileReference section */

/* Begin PBXFrameworksBuildPhase section */
		25ABB5DF2B1E18ED0019751C /* Frameworks */ = {
			isa = PBXFrameworksBuildPhase;
			buildActionMask = 2147483647;
			files = (
				255792192B221145001B124A /* Kingfisher in Frameworks */,
				25ABB5FD2B1E1A7F0019751C /* Alamofire in Frameworks */,
			);
			runOnlyForDeploymentPostprocessing = 0;
		};
/* End PBXFrameworksBuildPhase section */

/* Begin PBXGroup section */
		255367572B31B6D300C2B2FD /* See All Movies */ = {
			isa = PBXGroup;
			children = (
				2553675F2B3485A500C2B2FD /* SeeAllMoviesManager.swift */,
				255367612B3485B600C2B2FD /* SeeAllMoviesViewModel.swift */,
				255367552B31B6A700C2B2FD /* SeeAllMoviesController.swift */,
			);
			path = "See All Movies";
			sourceTree = "<group>";
		};
		2553675E2B34496B00C2B2FD /* Cast Cell */ = {
			isa = PBXGroup;
			children = (
				2553675A2B34494800C2B2FD /* MovieCastCell.swift */,
				2553675B2B34494800C2B2FD /* MovieCastCell.xib */,
			);
			path = "Cast Cell";
			sourceTree = "<group>";
		};
		255792062B1F779F001B124A /* Endpoints */ = {
			isa = PBXGroup;
			children = (
				2568CC122B2CAD5100191664 /* MovieEndpoint.swift */,
				255792042B1F336D001B124A /* MovieDetailEndpoint.swift */,
				2568CC142B2CADC200191664 /* PeopleEndpoint.swift */,
				2568CC162B2CAE2700191664 /* SearchEndpoint.swift */,
				2568CC1B2B3059C900191664 /* PeopleDetailsEndpoint.swift */,
			);
			path = Endpoints;
			sourceTree = "<group>";
		};
		2557920F2B220778001B124A /* HomeCell */ = {
			isa = PBXGroup;
			children = (
				2557920B2B22013D001B124A /* HomeCell.swift */,
				2557920C2B22013D001B124A /* HomeCell.xib */,
			);
			path = HomeCell;
			sourceTree = "<group>";
		};
		255792102B220783001B124A /* Home */ = {
			isa = PBXGroup;
			children = (
				255792002B1F2FAF001B124A /* MovieModel.swift */,
				2568CBFF2B2C6E4900191664 /* HomeManager.swift */,
				25ABB5FF2B1E504C0019751C /* HomeViewModel.swift */,
				25ABB6012B1E505C0019751C /* HomeController.swift */,
				2557920F2B220778001B124A /* HomeCell */,
			);
			path = Home;
			sourceTree = "<group>";
		};
		255792152B2207E9001B124A /* Reusable Cell */ = {
			isa = PBXGroup;
			children = (
				255792112B2207E2001B124A /* TopImageBottomLabelCell.swift */,
				255792122B2207E2001B124A /* TopImageBottomLabelCell.xib */,
			);
			path = "Reusable Cell";
			sourceTree = "<group>";
		};
		2557921C2B2341B0001B124A /* Helper */ = {
			isa = PBXGroup;
			children = (
				2557921A2B2341AD001B124A /* Extension.swift */,
			);
			path = Helper;
			sourceTree = "<group>";
		};
		255792232B237260001B124A /* People */ = {
			isa = PBXGroup;
			children = (
				255792242B237279001B124A /* PeopleModel.swift */,
				2568CC012B2C736600191664 /* PeopleManager.swift */,
				255792212B2369F0001B124A /* PeopleViewModel.swift */,
				2557921F2B2369E0001B124A /* PeopleController.swift */,
			);
			path = People;
			sourceTree = "<group>";
		};
		2568CBDF2B2733F000191664 /* SearchMovieCell */ = {
			isa = PBXGroup;
			children = (
				2568CBDB2B2733E500191664 /* MovieCell.swift */,
				2568CBDC2B2733E500191664 /* MovieCell.xib */,
			);
			path = SearchMovieCell;
			sourceTree = "<group>";
		};
		2568CBE02B274D4500191664 /* Search */ = {
			isa = PBXGroup;
			children = (
				2568CC0A2B2C799200191664 /* SearchManager.swift */,
				2568CBD72B271D0500191664 /* SearchViewModel.swift */,
				2568CBD92B271DCB00191664 /* SearchController.swift */,
				2568CBDF2B2733F000191664 /* SearchMovieCell */,
			);
			path = Search;
			sourceTree = "<group>";
		};
		2568CBE72B2B643300191664 /* Movie Deatils */ = {
			isa = PBXGroup;
			children = (
				2568CC032B2C77A600191664 /* MovieDetailsModel.swift */,
				2568CC0C2B2C7B9700191664 /* MovieDetailsManager.swift */,
				255367582B3448F500C2B2FD /* MovieCastDetailsModel.swift */,
				2568CC102B2C7DAE00191664 /* MovieDetailsViewModel.swift */,
				2568CBE12B28A84900191664 /* MovieDetailsController.swift */,
				2568CBFC2B2B80C700191664 /* Movie Details Cell */,
			);
			path = "Movie Deatils";
			sourceTree = "<group>";
		};
		2568CBEC2B2B801D00191664 /* Details Cell */ = {
			isa = PBXGroup;
			children = (
				2568CBE82B2B800000191664 /* MovieDetailsCell.swift */,
				2568CBE92B2B800000191664 /* MovieDetailsCell.xib */,
				902940BC2B307EAD00F1967C /* Movie Genre Cell */,
			);
			path = "Details Cell";
			sourceTree = "<group>";
		};
		2568CBF12B2B804900191664 /* Name Cell */ = {
			isa = PBXGroup;
			children = (
				2568CBED2B2B804000191664 /* MovieNameCell.swift */,
				2568CBEE2B2B804000191664 /* MovieNameCell.xib */,
			);
			path = "Name Cell";
			sourceTree = "<group>";
		};
		2568CBF62B2B808400191664 /* Trailer Cell */ = {
			isa = PBXGroup;
			children = (
				2568CBF22B2B807F00191664 /* MovieTrailerCell.swift */,
				2568CBF32B2B807F00191664 /* MovieTrailerCell.xib */,
			);
			path = "Trailer Cell";
			sourceTree = "<group>";
		};
		2568CBFB2B2B80B500191664 /* Description Cell */ = {
			isa = PBXGroup;
			children = (
				2568CBF72B2B80B000191664 /* MovieDescriptionCell.swift */,
				2568CBF82B2B80B000191664 /* MovieDescriptionCell.xib */,
			);
			path = "Description Cell";
			sourceTree = "<group>";
		};
		2568CBFC2B2B80C700191664 /* Movie Details Cell */ = {
			isa = PBXGroup;
			children = (
				2568CBEC2B2B801D00191664 /* Details Cell */,
				2568CBF12B2B804900191664 /* Name Cell */,
				2568CBF62B2B808400191664 /* Trailer Cell */,
				2568CBFB2B2B80B500191664 /* Description Cell */,
				2553675E2B34496B00C2B2FD /* Cast Cell */,
			);
			path = "Movie Details Cell";
			sourceTree = "<group>";
		};
		2568CBFD2B2C6DE900191664 /* Core */ = {
			isa = PBXGroup;
			children = (
				2557921D2B23433E001B124A /* NetworkHelper.swift */,
				25ABB5F92B1E19530019751C /* NetworkManager.swift */,
			);
			path = Core;
			sourceTree = "<group>";
		};
		2568CC072B2C784B00191664 /* UseCase */ = {
			isa = PBXGroup;
			children = (
				2568CC082B2C78A600191664 /* MovieListUseCase.swift */,
				2568CC0E2B2C7BA200191664 /* MovieDetailsUseCase.swift */,
				2568CC052B2C780400191664 /* PeopleListUseCase.swift */,
			);
			path = UseCase;
			sourceTree = "<group>";
		};
		2568CC1A2B2DE25200191664 /* People Details */ = {
			isa = PBXGroup;
			children = (
				2553674F2B319DF400C2B2FD /* PeopleDetailsModel.swift */,
				255367512B31A41100C2B2FD /* PeopleDetailsManager.swift */,
				255367532B31A42600C2B2FD /* PeopleDetailsViewModel.swift */,
				2568CC182B2DE24A00191664 /* PeopleDetailsController.swift */,
			);
			path = "People Details";
			sourceTree = "<group>";
		};
		25ABB5D92B1E18EC0019751C = {
			isa = PBXGroup;
			children = (
				25ABB5E42B1E18ED0019751C /* MovieApp */,
				25ABB5E32B1E18ED0019751C /* Products */,
			);
			sourceTree = "<group>";
		};
		25ABB5E32B1E18ED0019751C /* Products */ = {
			isa = PBXGroup;
			children = (
				25ABB5E22B1E18ED0019751C /* MovieApp.app */,
			);
			name = Products;
			sourceTree = "<group>";
		};
		25ABB5E42B1E18ED0019751C /* MovieApp */ = {
			isa = PBXGroup;
			children = (
				25ABB5E52B1E18ED0019751C /* AppDelegate.swift */,
				25ABB5E72B1E18ED0019751C /* SceneDelegate.swift */,
				25ABB5FE2B1E4BF30019751C /* Network  */,
				2557921C2B2341B0001B124A /* Helper */,
				255792152B2207E9001B124A /* Reusable Cell */,
				255792062B1F779F001B124A /* Endpoints */,
				255792102B220783001B124A /* Home */,
				255367572B31B6D300C2B2FD /* See All Movies */,
				2568CBE72B2B643300191664 /* Movie Deatils */,
				255792232B237260001B124A /* People */,
				2568CC1A2B2DE25200191664 /* People Details */,
				2568CBE02B274D4500191664 /* Search */,
				25ABB5EB2B1E18ED0019751C /* Main.storyboard */,
				25ABB5EE2B1E18F00019751C /* Assets.xcassets */,
				25ABB5F02B1E18F00019751C /* LaunchScreen.storyboard */,
				25ABB5F32B1E18F00019751C /* Info.plist */,
			);
			path = MovieApp;
			sourceTree = "<group>";
		};
		25ABB5FE2B1E4BF30019751C /* Network  */ = {
			isa = PBXGroup;
			children = (
				2568CC072B2C784B00191664 /* UseCase */,
				2568CBFD2B2C6DE900191664 /* Core */,
			);
			path = "Network ";
			sourceTree = "<group>";
		};
		902940BC2B307EAD00F1967C /* Movie Genre Cell */ = {
			isa = PBXGroup;
			children = (
				902940C12B307FC900F1967C /* GenreCell.swift */,
				902940C22B307FC900F1967C /* GenreCell.xib */,
			);
			path = "Movie Genre Cell";
			sourceTree = "<group>";
		};
/* End PBXGroup section */

/* Begin PBXNativeTarget section */
		25ABB5E12B1E18ED0019751C /* MovieApp */ = {
			isa = PBXNativeTarget;
			buildConfigurationList = 25ABB5F62B1E18F00019751C /* Build configuration list for PBXNativeTarget "MovieApp" */;
			buildPhases = (
				25ABB5DE2B1E18ED0019751C /* Sources */,
				25ABB5DF2B1E18ED0019751C /* Frameworks */,
				25ABB5E02B1E18ED0019751C /* Resources */,
			);
			buildRules = (
			);
			dependencies = (
			);
			name = MovieApp;
			packageProductDependencies = (
				25ABB5FC2B1E1A7F0019751C /* Alamofire */,
				255792182B221145001B124A /* Kingfisher */,
			);
			productName = MovieApp;
			productReference = 25ABB5E22B1E18ED0019751C /* MovieApp.app */;
			productType = "com.apple.product-type.application";
		};
/* End PBXNativeTarget section */

/* Begin PBXProject section */
		25ABB5DA2B1E18EC0019751C /* Project object */ = {
			isa = PBXProject;
			attributes = {
				BuildIndependentTargetsInParallel = 1;
				LastSwiftUpdateCheck = 1430;
				LastUpgradeCheck = 1430;
				TargetAttributes = {
					25ABB5E12B1E18ED0019751C = {
						CreatedOnToolsVersion = 14.3;
					};
				};
			};
			buildConfigurationList = 25ABB5DD2B1E18EC0019751C /* Build configuration list for PBXProject "MovieApp" */;
			compatibilityVersion = "Xcode 14.0";
			developmentRegion = en;
			hasScannedForEncodings = 0;
			knownRegions = (
				en,
				Base,
			);
			mainGroup = 25ABB5D92B1E18EC0019751C;
			packageReferences = (
				25ABB5FB2B1E1A7F0019751C /* XCRemoteSwiftPackageReference "Alamofire" */,
				255792172B221145001B124A /* XCRemoteSwiftPackageReference "Kingfisher" */,
			);
			productRefGroup = 25ABB5E32B1E18ED0019751C /* Products */;
			projectDirPath = "";
			projectRoot = "";
			targets = (
				25ABB5E12B1E18ED0019751C /* MovieApp */,
			);
		};
/* End PBXProject section */

/* Begin PBXResourcesBuildPhase section */
		25ABB5E02B1E18ED0019751C /* Resources */ = {
			isa = PBXResourcesBuildPhase;
			buildActionMask = 2147483647;
			files = (
				2568CBDE2B2733E500191664 /* MovieCell.xib in Resources */,
				25ABB5F22B1E18F00019751C /* LaunchScreen.storyboard in Resources */,
				25ABB5EF2B1E18F00019751C /* Assets.xcassets in Resources */,
				902940C42B307FC900F1967C /* GenreCell.xib in Resources */,
				2553675D2B34494800C2B2FD /* MovieCastCell.xib in Resources */,
				2568CBFA2B2B80B000191664 /* MovieDescriptionCell.xib in Resources */,
				2568CBF02B2B804000191664 /* MovieNameCell.xib in Resources */,
				2568CBEB2B2B800000191664 /* MovieDetailsCell.xib in Resources */,
				2557920E2B22013D001B124A /* HomeCell.xib in Resources */,
				25ABB5ED2B1E18ED0019751C /* Main.storyboard in Resources */,
				255792142B2207E2001B124A /* TopImageBottomLabelCell.xib in Resources */,
				2568CBF52B2B807F00191664 /* MovieTrailerCell.xib in Resources */,
			);
			runOnlyForDeploymentPostprocessing = 0;
		};
/* End PBXResourcesBuildPhase section */

/* Begin PBXSourcesBuildPhase section */
		25ABB5DE2B1E18ED0019751C /* Sources */ = {
			isa = PBXSourcesBuildPhase;
			buildActionMask = 2147483647;
			files = (
				2568CBEA2B2B800000191664 /* MovieDetailsCell.swift in Sources */,
				2568CBF92B2B80B000191664 /* MovieDescriptionCell.swift in Sources */,
				2568CC112B2C7DAE00191664 /* MovieDetailsViewModel.swift in Sources */,
				255792222B2369F0001B124A /* PeopleViewModel.swift in Sources */,
				2568CC1C2B3059C900191664 /* PeopleDetailsEndpoint.swift in Sources */,
				2568CBDD2B2733E500191664 /* MovieCell.swift in Sources */,
				902940C32B307FC900F1967C /* GenreCell.swift in Sources */,
				255792012B1F2FAF001B124A /* MovieModel.swift in Sources */,
				2568CC172B2CAE2700191664 /* SearchEndpoint.swift in Sources */,
				2568CC092B2C78A600191664 /* MovieListUseCase.swift in Sources */,
				25ABB5FA2B1E19530019751C /* NetworkManager.swift in Sources */,
				255367562B31B6A700C2B2FD /* SeeAllMoviesController.swift in Sources */,
				255367602B3485A500C2B2FD /* SeeAllMoviesManager.swift in Sources */,
				2568CC002B2C6E4900191664 /* HomeManager.swift in Sources */,
				255792202B2369E0001B124A /* PeopleController.swift in Sources */,
				255792132B2207E2001B124A /* TopImageBottomLabelCell.swift in Sources */,
				2557920D2B22013D001B124A /* HomeCell.swift in Sources */,
				2568CBD82B271D0500191664 /* SearchViewModel.swift in Sources */,
				2568CC042B2C77A600191664 /* MovieDetailsModel.swift in Sources */,
				2557921E2B23433E001B124A /* NetworkHelper.swift in Sources */,
				2568CC132B2CAD5100191664 /* MovieEndpoint.swift in Sources */,
				25ABB5E62B1E18ED0019751C /* AppDelegate.swift in Sources */,
				255367622B3485B600C2B2FD /* SeeAllMoviesViewModel.swift in Sources */,
				2568CC0F2B2C7BA200191664 /* MovieDetailsUseCase.swift in Sources */,
				2568CC0B2B2C799200191664 /* SearchManager.swift in Sources */,
				255792052B1F336D001B124A /* MovieDetailEndpoint.swift in Sources */,
				2568CBF42B2B807F00191664 /* MovieTrailerCell.swift in Sources */,
				2553675C2B34494800C2B2FD /* MovieCastCell.swift in Sources */,
				2568CC192B2DE24A00191664 /* PeopleDetailsController.swift in Sources */,
				2568CBEF2B2B804000191664 /* MovieNameCell.swift in Sources */,
				2568CBE22B28A84900191664 /* MovieDetailsController.swift in Sources */,
				25ABB5E82B1E18ED0019751C /* SceneDelegate.swift in Sources */,
				2568CBDA2B271DCB00191664 /* SearchController.swift in Sources */,
				2568CC0D2B2C7B9700191664 /* MovieDetailsManager.swift in Sources */,
				255367542B31A42600C2B2FD /* PeopleDetailsViewModel.swift in Sources */,
				2568CC152B2CADC200191664 /* PeopleEndpoint.swift in Sources */,
				255792252B237279001B124A /* PeopleModel.swift in Sources */,
				2557921B2B2341AD001B124A /* Extension.swift in Sources */,
				25ABB6002B1E504C0019751C /* HomeViewModel.swift in Sources */,
				255367522B31A41100C2B2FD /* PeopleDetailsManager.swift in Sources */,
				2568CC022B2C736600191664 /* PeopleManager.swift in Sources */,
				2568CC062B2C780400191664 /* PeopleListUseCase.swift in Sources */,
				255367592B3448F500C2B2FD /* MovieCastDetailsModel.swift in Sources */,
				25ABB6022B1E505C0019751C /* HomeController.swift in Sources */,
				255367502B319DF400C2B2FD /* PeopleDetailsModel.swift in Sources */,
			);
			runOnlyForDeploymentPostprocessing = 0;
		};
/* End PBXSourcesBuildPhase section */

/* Begin PBXVariantGroup section */
		25ABB5EB2B1E18ED0019751C /* Main.storyboard */ = {
			isa = PBXVariantGroup;
			children = (
				25ABB5EC2B1E18ED0019751C /* Base */,
			);
			name = Main.storyboard;
			sourceTree = "<group>";
		};
		25ABB5F02B1E18F00019751C /* LaunchScreen.storyboard */ = {
			isa = PBXVariantGroup;
			children = (
				25ABB5F12B1E18F00019751C /* Base */,
			);
			name = LaunchScreen.storyboard;
			sourceTree = "<group>";
		};
/* End PBXVariantGroup section */

/* Begin XCBuildConfiguration section */
		25ABB5F42B1E18F00019751C /* Debug */ = {
			isa = XCBuildConfiguration;
			buildSettings = {
				ALWAYS_SEARCH_USER_PATHS = NO;
				CLANG_ANALYZER_NONNULL = YES;
				CLANG_ANALYZER_NUMBER_OBJECT_CONVERSION = YES_AGGRESSIVE;
				CLANG_CXX_LANGUAGE_STANDARD = "gnu++20";
				CLANG_ENABLE_MODULES = YES;
				CLANG_ENABLE_OBJC_ARC = YES;
				CLANG_ENABLE_OBJC_WEAK = YES;
				CLANG_WARN_BLOCK_CAPTURE_AUTORELEASING = YES;
				CLANG_WARN_BOOL_CONVERSION = YES;
				CLANG_WARN_COMMA = YES;
				CLANG_WARN_CONSTANT_CONVERSION = YES;
				CLANG_WARN_DEPRECATED_OBJC_IMPLEMENTATIONS = YES;
				CLANG_WARN_DIRECT_OBJC_ISA_USAGE = YES_ERROR;
				CLANG_WARN_DOCUMENTATION_COMMENTS = YES;
				CLANG_WARN_EMPTY_BODY = YES;
				CLANG_WARN_ENUM_CONVERSION = YES;
				CLANG_WARN_INFINITE_RECURSION = YES;
				CLANG_WARN_INT_CONVERSION = YES;
				CLANG_WARN_NON_LITERAL_NULL_CONVERSION = YES;
				CLANG_WARN_OBJC_IMPLICIT_RETAIN_SELF = YES;
				CLANG_WARN_OBJC_LITERAL_CONVERSION = YES;
				CLANG_WARN_OBJC_ROOT_CLASS = YES_ERROR;
				CLANG_WARN_QUOTED_INCLUDE_IN_FRAMEWORK_HEADER = YES;
				CLANG_WARN_RANGE_LOOP_ANALYSIS = YES;
				CLANG_WARN_STRICT_PROTOTYPES = YES;
				CLANG_WARN_SUSPICIOUS_MOVE = YES;
				CLANG_WARN_UNGUARDED_AVAILABILITY = YES_AGGRESSIVE;
				CLANG_WARN_UNREACHABLE_CODE = YES;
				CLANG_WARN__DUPLICATE_METHOD_MATCH = YES;
				COPY_PHASE_STRIP = NO;
				DEBUG_INFORMATION_FORMAT = dwarf;
				ENABLE_STRICT_OBJC_MSGSEND = YES;
				ENABLE_TESTABILITY = YES;
				GCC_C_LANGUAGE_STANDARD = gnu11;
				GCC_DYNAMIC_NO_PIC = NO;
				GCC_NO_COMMON_BLOCKS = YES;
				GCC_OPTIMIZATION_LEVEL = 0;
				GCC_PREPROCESSOR_DEFINITIONS = (
					"DEBUG=1",
					"$(inherited)",
				);
				GCC_WARN_64_TO_32_BIT_CONVERSION = YES;
				GCC_WARN_ABOUT_RETURN_TYPE = YES_ERROR;
				GCC_WARN_UNDECLARED_SELECTOR = YES;
				GCC_WARN_UNINITIALIZED_AUTOS = YES_AGGRESSIVE;
				GCC_WARN_UNUSED_FUNCTION = YES;
				GCC_WARN_UNUSED_VARIABLE = YES;
				IPHONEOS_DEPLOYMENT_TARGET = 16.4;
				MTL_ENABLE_DEBUG_INFO = INCLUDE_SOURCE;
				MTL_FAST_MATH = YES;
				ONLY_ACTIVE_ARCH = YES;
				SDKROOT = iphoneos;
				SWIFT_ACTIVE_COMPILATION_CONDITIONS = DEBUG;
				SWIFT_OPTIMIZATION_LEVEL = "-Onone";
			};
			name = Debug;
		};
		25ABB5F52B1E18F00019751C /* Release */ = {
			isa = XCBuildConfiguration;
			buildSettings = {
				ALWAYS_SEARCH_USER_PATHS = NO;
				CLANG_ANALYZER_NONNULL = YES;
				CLANG_ANALYZER_NUMBER_OBJECT_CONVERSION = YES_AGGRESSIVE;
				CLANG_CXX_LANGUAGE_STANDARD = "gnu++20";
				CLANG_ENABLE_MODULES = YES;
				CLANG_ENABLE_OBJC_ARC = YES;
				CLANG_ENABLE_OBJC_WEAK = YES;
				CLANG_WARN_BLOCK_CAPTURE_AUTORELEASING = YES;
				CLANG_WARN_BOOL_CONVERSION = YES;
				CLANG_WARN_COMMA = YES;
				CLANG_WARN_CONSTANT_CONVERSION = YES;
				CLANG_WARN_DEPRECATED_OBJC_IMPLEMENTATIONS = YES;
				CLANG_WARN_DIRECT_OBJC_ISA_USAGE = YES_ERROR;
				CLANG_WARN_DOCUMENTATION_COMMENTS = YES;
				CLANG_WARN_EMPTY_BODY = YES;
				CLANG_WARN_ENUM_CONVERSION = YES;
				CLANG_WARN_INFINITE_RECURSION = YES;
				CLANG_WARN_INT_CONVERSION = YES;
				CLANG_WARN_NON_LITERAL_NULL_CONVERSION = YES;
				CLANG_WARN_OBJC_IMPLICIT_RETAIN_SELF = YES;
				CLANG_WARN_OBJC_LITERAL_CONVERSION = YES;
				CLANG_WARN_OBJC_ROOT_CLASS = YES_ERROR;
				CLANG_WARN_QUOTED_INCLUDE_IN_FRAMEWORK_HEADER = YES;
				CLANG_WARN_RANGE_LOOP_ANALYSIS = YES;
				CLANG_WARN_STRICT_PROTOTYPES = YES;
				CLANG_WARN_SUSPICIOUS_MOVE = YES;
				CLANG_WARN_UNGUARDED_AVAILABILITY = YES_AGGRESSIVE;
				CLANG_WARN_UNREACHABLE_CODE = YES;
				CLANG_WARN__DUPLICATE_METHOD_MATCH = YES;
				COPY_PHASE_STRIP = NO;
				DEBUG_INFORMATION_FORMAT = "dwarf-with-dsym";
				ENABLE_NS_ASSERTIONS = NO;
				ENABLE_STRICT_OBJC_MSGSEND = YES;
				GCC_C_LANGUAGE_STANDARD = gnu11;
				GCC_NO_COMMON_BLOCKS = YES;
				GCC_WARN_64_TO_32_BIT_CONVERSION = YES;
				GCC_WARN_ABOUT_RETURN_TYPE = YES_ERROR;
				GCC_WARN_UNDECLARED_SELECTOR = YES;
				GCC_WARN_UNINITIALIZED_AUTOS = YES_AGGRESSIVE;
				GCC_WARN_UNUSED_FUNCTION = YES;
				GCC_WARN_UNUSED_VARIABLE = YES;
				IPHONEOS_DEPLOYMENT_TARGET = 16.4;
				MTL_ENABLE_DEBUG_INFO = NO;
				MTL_FAST_MATH = YES;
				SDKROOT = iphoneos;
				SWIFT_COMPILATION_MODE = wholemodule;
				SWIFT_OPTIMIZATION_LEVEL = "-O";
				VALIDATE_PRODUCT = YES;
			};
			name = Release;
		};
		25ABB5F72B1E18F00019751C /* Debug */ = {
			isa = XCBuildConfiguration;
			buildSettings = {
				ASSETCATALOG_COMPILER_APPICON_NAME = AppIcon;
				ASSETCATALOG_COMPILER_GLOBAL_ACCENT_COLOR_NAME = AccentColor;
				CODE_SIGN_STYLE = Automatic;
				CURRENT_PROJECT_VERSION = 1;
				DEVELOPMENT_TEAM = QZWP454K86;
				GENERATE_INFOPLIST_FILE = YES;
				INFOPLIST_FILE = MovieApp/Info.plist;
				INFOPLIST_KEY_UIApplicationSupportsIndirectInputEvents = YES;
				INFOPLIST_KEY_UILaunchStoryboardName = LaunchScreen;
				INFOPLIST_KEY_UIMainStoryboardFile = Main;
				INFOPLIST_KEY_UISupportedInterfaceOrientations_iPad = "UIInterfaceOrientationPortrait UIInterfaceOrientationPortraitUpsideDown UIInterfaceOrientationLandscapeLeft UIInterfaceOrientationLandscapeRight";
				INFOPLIST_KEY_UISupportedInterfaceOrientations_iPhone = "UIInterfaceOrientationPortrait UIInterfaceOrientationLandscapeLeft UIInterfaceOrientationLandscapeRight";
				LD_RUNPATH_SEARCH_PATHS = (
					"$(inherited)",
					"@executable_path/Frameworks",
				);
				MARKETING_VERSION = 1.0;
				PRODUCT_BUNDLE_IDENTIFIER = com.ulvi.MovieApp;
				PRODUCT_NAME = "$(TARGET_NAME)";
				SWIFT_EMIT_LOC_STRINGS = YES;
				SWIFT_VERSION = 5.0;
				TARGETED_DEVICE_FAMILY = "1,2";
			};
			name = Debug;
		};
		25ABB5F82B1E18F00019751C /* Release */ = {
			isa = XCBuildConfiguration;
			buildSettings = {
				ASSETCATALOG_COMPILER_APPICON_NAME = AppIcon;
				ASSETCATALOG_COMPILER_GLOBAL_ACCENT_COLOR_NAME = AccentColor;
				CODE_SIGN_STYLE = Automatic;
				CURRENT_PROJECT_VERSION = 1;
				DEVELOPMENT_TEAM = QZWP454K86;
				GENERATE_INFOPLIST_FILE = YES;
				INFOPLIST_FILE = MovieApp/Info.plist;
				INFOPLIST_KEY_UIApplicationSupportsIndirectInputEvents = YES;
				INFOPLIST_KEY_UILaunchStoryboardName = LaunchScreen;
				INFOPLIST_KEY_UIMainStoryboardFile = Main;
				INFOPLIST_KEY_UISupportedInterfaceOrientations_iPad = "UIInterfaceOrientationPortrait UIInterfaceOrientationPortraitUpsideDown UIInterfaceOrientationLandscapeLeft UIInterfaceOrientationLandscapeRight";
				INFOPLIST_KEY_UISupportedInterfaceOrientations_iPhone = "UIInterfaceOrientationPortrait UIInterfaceOrientationLandscapeLeft UIInterfaceOrientationLandscapeRight";
				LD_RUNPATH_SEARCH_PATHS = (
					"$(inherited)",
					"@executable_path/Frameworks",
				);
				MARKETING_VERSION = 1.0;
				PRODUCT_BUNDLE_IDENTIFIER = com.ulvi.MovieApp;
				PRODUCT_NAME = "$(TARGET_NAME)";
				SWIFT_EMIT_LOC_STRINGS = YES;
				SWIFT_VERSION = 5.0;
				TARGETED_DEVICE_FAMILY = "1,2";
			};
			name = Release;
		};
/* End XCBuildConfiguration section */

/* Begin XCConfigurationList section */
		25ABB5DD2B1E18EC0019751C /* Build configuration list for PBXProject "MovieApp" */ = {
			isa = XCConfigurationList;
			buildConfigurations = (
				25ABB5F42B1E18F00019751C /* Debug */,
				25ABB5F52B1E18F00019751C /* Release */,
			);
			defaultConfigurationIsVisible = 0;
			defaultConfigurationName = Release;
		};
		25ABB5F62B1E18F00019751C /* Build configuration list for PBXNativeTarget "MovieApp" */ = {
			isa = XCConfigurationList;
			buildConfigurations = (
				25ABB5F72B1E18F00019751C /* Debug */,
				25ABB5F82B1E18F00019751C /* Release */,
			);
			defaultConfigurationIsVisible = 0;
			defaultConfigurationName = Release;
		};
/* End XCConfigurationList section */

/* Begin XCRemoteSwiftPackageReference section */
		255792172B221145001B124A /* XCRemoteSwiftPackageReference "Kingfisher" */ = {
			isa = XCRemoteSwiftPackageReference;
			repositoryURL = "https://github.com/onevcat/Kingfisher.git";
			requirement = {
				kind = upToNextMajorVersion;
				minimumVersion = 7.0.0;
			};
		};
		25ABB5FB2B1E1A7F0019751C /* XCRemoteSwiftPackageReference "Alamofire" */ = {
			isa = XCRemoteSwiftPackageReference;
			repositoryURL = "https://github.com/Alamofire/Alamofire.git";
			requirement = {
				kind = upToNextMajorVersion;
				minimumVersion = 5.0.0;
			};
		};
/* End XCRemoteSwiftPackageReference section */

/* Begin XCSwiftPackageProductDependency section */
		255792182B221145001B124A /* Kingfisher */ = {
			isa = XCSwiftPackageProductDependency;
			package = 255792172B221145001B124A /* XCRemoteSwiftPackageReference "Kingfisher" */;
			productName = Kingfisher;
		};
		25ABB5FC2B1E1A7F0019751C /* Alamofire */ = {
			isa = XCSwiftPackageProductDependency;
			package = 25ABB5FB2B1E1A7F0019751C /* XCRemoteSwiftPackageReference "Alamofire" */;
			productName = Alamofire;
		};
/* End XCSwiftPackageProductDependency section */
	};
	rootObject = 25ABB5DA2B1E18EC0019751C /* Project object */;
}
